
Microsoft Visual Studio Solution File, Format Version 12.00
# Visual Studio Version 17
VisualStudioVersion = 17.14.36203.30
MinimumVisualStudioVersion = 10.0.40219.1
Project("{FAE04EC0-301F-11D3-BF4B-00C04F79EFBC}") = "View", "View\View.csproj", "{2D76BBC5-AF9F-40E9-93E6-DB122AD6F6C7}"
EndProject
Project("{FAE04EC0-301F-11D3-BF4B-00C04F79EFBC}") = "Logic", "ViewModel\Logic.csproj", "{CFF58745-4BCA-49E1-B83D-54741399084E}"
EndProject
Project("{FAE04EC0-301F-11D3-BF4B-00C04F79EFBC}") = "Domain", "Model\Domain.csproj", "{EF9E1C44-8511-4471-94BC-5FC526AD5A58}"
EndProject
Project("{FAE04EC0-301F-11D3-BF4B-00C04F79EFBC}") = "DataAccess", "DataAccess.Interface\DataAccess.csproj", "{F661FAA5-D8B0-463E-A819-A4D663936208}"
EndProject
Project("{FAE04EC0-301F-11D3-BF4B-00C04F79EFBC}") = "DataAccess.Interfaces", "DataAccess.Interfaces\DataAccess.Interfaces.csproj", "{91FC78C9-A3E0-4853-8905-B3CF6386DC76}"
EndProject
Global
	GlobalSection(SolutionConfigurationPlatforms) = preSolution
		Debug|Any CPU = Debug|Any CPU
		Release|Any CPU = Release|Any CPU
	EndGlobalSection
	GlobalSection(ProjectConfigurationPlatforms) = postSolution
		{2D76BBC5-AF9F-40E9-93E6-DB122AD6F6C7}.Debug|Any CPU.ActiveCfg = Debug|Any CPU
		{2D76BBC5-AF9F-40E9-93E6-DB122AD6F6C7}.Debug|Any CPU.Build.0 = Debug|Any CPU
		{2D76BBC5-AF9F-40E9-93E6-DB122AD6F6C7}.Release|Any CPU.ActiveCfg = Release|Any CPU
		{2D76BBC5-AF9F-40E9-93E6-DB122AD6F6C7}.Release|Any CPU.Build.0 = Release|Any CPU
		{CFF58745-4BCA-49E1-B83D-54741399084E}.Debug|Any CPU.ActiveCfg = Debug|Any CPU
		{CFF58745-4BCA-49E1-B83D-54741399084E}.Debug|Any CPU.Build.0 = Debug|Any CPU
		{CFF58745-4BCA-49E1-B83D-54741399084E}.Release|Any CPU.ActiveCfg = Release|Any CPU
		{CFF58745-4BCA-49E1-B83D-54741399084E}.Release|Any CPU.Build.0 = Release|Any CPU
		{EF9E1C44-8511-4471-94BC-5FC526AD5A58}.Debug|Any CPU.ActiveCfg = Debug|Any CPU
		{EF9E1C44-8511-4471-94BC-5FC526AD5A58}.Debug|Any CPU.Build.0 = Debug|Any CPU
		{EF9E1C44-8511-4471-94BC-5FC526AD5A58}.Release|Any CPU.ActiveCfg = Release|Any CPU
		{EF9E1C44-8511-4471-94BC-5FC526AD5A58}.Release|Any CPU.Build.0 = Release|Any CPU
		{F661FAA5-D8B0-463E-A819-A4D663936208}.Debug|Any CPU.ActiveCfg = Debug|Any CPU
		{F661FAA5-D8B0-463E-A819-A4D663936208}.Debug|Any CPU.Build.0 = Debug|Any CPU
		{F661FAA5-D8B0-463E-A819-A4D663936208}.Release|Any CPU.ActiveCfg = Release|Any CPU
		{F661FAA5-D8B0-463E-A819-A4D663936208}.Release|Any CPU.Build.0 = Release|Any CPU
		{91FC78C9-A3E0-4853-8905-B3CF6386DC76}.Debug|Any CPU.ActiveCfg = Debug|Any CPU
		{91FC78C9-A3E0-4853-8905-B3CF6386DC76}.Debug|Any CPU.Build.0 = Debug|Any CPU
		{91FC78C9-A3E0-4853-8905-B3CF6386DC76}.Release|Any CPU.ActiveCfg = Release|Any CPU
		{91FC78C9-A3E0-4853-8905-B3CF6386DC76}.Release|Any CPU.Build.0 = Release|Any CPU
	EndGlobalSection
	GlobalSection(SolutionProperties) = preSolution
		HideSolutionNode = FALSE
	EndGlobalSection
	GlobalSection(ExtensibilityGlobals) = postSolution
		SolutionGuid = {8211D721-BBC6-4529-8C8D-DD6EF7DF774B}
	EndGlobalSection
EndGlobal
